{
  "version": 4,
  "terraform_version": "1.4.6",
  "serial": 96,
  "lineage": "3317127c-fb17-59ae-ebee-277d68d9220a",
  "outputs": {},
  "resources": [
    {
      "mode": "managed",
      "type": "azurerm_network_interface",
      "name": "NIC01",
      "provider": "provider[\"registry.terraform.io/hashicorp/azurerm\"]",
      "instances": [
        {
          "index_key": 0,
          "schema_version": 0,
          "attributes": {
            "applied_dns_servers": [],
            "dns_servers": [],
            "edge_zone": "",
            "enable_accelerated_networking": false,
            "enable_ip_forwarding": false,
            "id": "/subscriptions/ce9ae6de-058b-4cf9-ac15-d9a6211f2493/resourceGroups/ShubhamG-resourceGroup/providers/Microsoft.Network/networkInterfaces/ShubhamG-NIC0",
            "internal_dns_name_label": "",
            "internal_domain_name_suffix": "gtpg0tvlu0mergisckbn3eegka.bx.internal.cloudapp.net",
            "ip_configuration": [
              {
                "gateway_load_balancer_frontend_ip_configuration_id": "",
                "name": "nicipconfig",
                "primary": true,
                "private_ip_address": "10.60.0.5",
                "private_ip_address_allocation": "Dynamic",
                "private_ip_address_version": "IPv4",
                "public_ip_address_id": "/subscriptions/ce9ae6de-058b-4cf9-ac15-d9a6211f2493/resourceGroups/ShubhamG-resourceGroup/providers/Microsoft.Network/publicIPAddresses/ShubhamG-PIP1",
                "subnet_id": "/subscriptions/ce9ae6de-058b-4cf9-ac15-d9a6211f2493/resourceGroups/ShubhamG-resourceGroup/providers/Microsoft.Network/virtualNetworks/ShubhamG-vnet/subnets/subnet01"
              }
            ],
            "location": "eastus",
            "mac_address": "",
            "name": "ShubhamG-NIC0",
            "private_ip_address": "10.60.0.5",
            "private_ip_addresses": [
              "10.60.0.5"
            ],
            "resource_group_name": "ShubhamG-resourceGroup",
            "tags": null,
            "timeouts": null,
            "virtual_machine_id": ""
          },
          "sensitive_attributes": [],
          "private": "eyJlMmJmYjczMC1lY2FhLTExZTYtOGY4OC0zNDM2M2JjN2M0YzAiOnsiY3JlYXRlIjoxODAwMDAwMDAwMDAwLCJkZWxldGUiOjE4MDAwMDAwMDAwMDAsInJlYWQiOjMwMDAwMDAwMDAwMCwidXBkYXRlIjoxODAwMDAwMDAwMDAwfX0=",
          "dependencies": [
            "azurerm_public_ip.publicip",
            "azurerm_resource_group.SGRG02",
            "azurerm_subnet.subnet01",
            "azurerm_virtual_network.shubhamVnet02"
          ]
        },
        {
          "index_key": 1,
          "schema_version": 0,
          "attributes": {
            "applied_dns_servers": [],
            "dns_servers": [],
            "edge_zone": "",
            "enable_accelerated_networking": false,
            "enable_ip_forwarding": false,
            "id": "/subscriptions/ce9ae6de-058b-4cf9-ac15-d9a6211f2493/resourceGroups/ShubhamG-resourceGroup/providers/Microsoft.Network/networkInterfaces/ShubhamG-NIC1",
            "internal_dns_name_label": "",
            "internal_domain_name_suffix": "gtpg0tvlu0mergisckbn3eegka.bx.internal.cloudapp.net",
            "ip_configuration": [
              {
                "gateway_load_balancer_frontend_ip_configuration_id": "",
                "name": "nicipconfig",
                "primary": true,
                "private_ip_address": "10.60.0.4",
                "private_ip_address_allocation": "Dynamic",
                "private_ip_address_version": "IPv4",
                "public_ip_address_id": "/subscriptions/ce9ae6de-058b-4cf9-ac15-d9a6211f2493/resourceGroups/ShubhamG-resourceGroup/providers/Microsoft.Network/publicIPAddresses/ShubhamG-PIP2",
                "subnet_id": "/subscriptions/ce9ae6de-058b-4cf9-ac15-d9a6211f2493/resourceGroups/ShubhamG-resourceGroup/providers/Microsoft.Network/virtualNetworks/ShubhamG-vnet/subnets/subnet01"
              }
            ],
            "location": "eastus",
            "mac_address": "",
            "name": "ShubhamG-NIC1",
            "private_ip_address": "10.60.0.4",
            "private_ip_addresses": [
              "10.60.0.4"
            ],
            "resource_group_name": "ShubhamG-resourceGroup",
            "tags": null,
            "timeouts": null,
            "virtual_machine_id": ""
          },
          "sensitive_attributes": [],
          "private": "eyJlMmJmYjczMC1lY2FhLTExZTYtOGY4OC0zNDM2M2JjN2M0YzAiOnsiY3JlYXRlIjoxODAwMDAwMDAwMDAwLCJkZWxldGUiOjE4MDAwMDAwMDAwMDAsInJlYWQiOjMwMDAwMDAwMDAwMCwidXBkYXRlIjoxODAwMDAwMDAwMDAwfX0=",
          "dependencies": [
            "azurerm_public_ip.publicip",
            "azurerm_resource_group.SGRG02",
            "azurerm_subnet.subnet01",
            "azurerm_virtual_network.shubhamVnet02"
          ]
        }
      ]
    },
    {
      "mode": "managed",
      "type": "azurerm_public_ip",
      "name": "publicip",
      "provider": "provider[\"registry.terraform.io/hashicorp/azurerm\"]",
      "instances": [
        {
          "index_key": 0,
          "schema_version": 0,
          "attributes": {
            "allocation_method": "Dynamic",
            "domain_name_label": null,
            "edge_zone": "",
            "fqdn": null,
            "id": "/subscriptions/ce9ae6de-058b-4cf9-ac15-d9a6211f2493/resourceGroups/ShubhamG-resourceGroup/providers/Microsoft.Network/publicIPAddresses/ShubhamG-PIP1",
            "idle_timeout_in_minutes": 4,
            "ip_address": "",
            "ip_tags": null,
            "ip_version": "IPv4",
            "location": "eastus",
            "name": "ShubhamG-PIP1",
            "public_ip_prefix_id": null,
            "resource_group_name": "ShubhamG-resourceGroup",
            "reverse_fqdn": null,
            "sku": "Basic",
            "sku_tier": "Regional",
            "tags": null,
            "timeouts": null,
            "zones": null
          },
          "sensitive_attributes": [],
          "private": "eyJlMmJmYjczMC1lY2FhLTExZTYtOGY4OC0zNDM2M2JjN2M0YzAiOnsiY3JlYXRlIjoxODAwMDAwMDAwMDAwLCJkZWxldGUiOjE4MDAwMDAwMDAwMDAsInJlYWQiOjMwMDAwMDAwMDAwMCwidXBkYXRlIjoxODAwMDAwMDAwMDAwfX0=",
          "dependencies": [
            "azurerm_resource_group.SGRG02"
          ]
        },
        {
          "index_key": 1,
          "schema_version": 0,
          "attributes": {
            "allocation_method": "Dynamic",
            "domain_name_label": null,
            "edge_zone": "",
            "fqdn": null,
            "id": "/subscriptions/ce9ae6de-058b-4cf9-ac15-d9a6211f2493/resourceGroups/ShubhamG-resourceGroup/providers/Microsoft.Network/publicIPAddresses/ShubhamG-PIP2",
            "idle_timeout_in_minutes": 4,
            "ip_address": "",
            "ip_tags": null,
            "ip_version": "IPv4",
            "location": "eastus",
            "name": "ShubhamG-PIP2",
            "public_ip_prefix_id": null,
            "resource_group_name": "ShubhamG-resourceGroup",
            "reverse_fqdn": null,
            "sku": "Basic",
            "sku_tier": "Regional",
            "tags": null,
            "timeouts": null,
            "zones": null
          },
          "sensitive_attributes": [],
          "private": "eyJlMmJmYjczMC1lY2FhLTExZTYtOGY4OC0zNDM2M2JjN2M0YzAiOnsiY3JlYXRlIjoxODAwMDAwMDAwMDAwLCJkZWxldGUiOjE4MDAwMDAwMDAwMDAsInJlYWQiOjMwMDAwMDAwMDAwMCwidXBkYXRlIjoxODAwMDAwMDAwMDAwfX0=",
          "dependencies": [
            "azurerm_resource_group.SGRG02"
          ]
        }
      ]
    },
    {
      "mode": "managed",
      "type": "azurerm_resource_group",
      "name": "SGRG02",
      "provider": "provider[\"registry.terraform.io/hashicorp/azurerm\"]",
      "instances": [
        {
          "schema_version": 0,
          "attributes": {
            "id": "/subscriptions/ce9ae6de-058b-4cf9-ac15-d9a6211f2493/resourceGroups/ShubhamG-resourceGroup",
            "location": "eastus",
            "name": "ShubhamG-resourceGroup",
            "tags": {
              "test": "testRG"
            },
            "timeouts": null
          },
          "sensitive_attributes": [],
          "private": "eyJlMmJmYjczMC1lY2FhLTExZTYtOGY4OC0zNDM2M2JjN2M0YzAiOnsiY3JlYXRlIjo1NDAwMDAwMDAwMDAwLCJkZWxldGUiOjU0MDAwMDAwMDAwMDAsInJlYWQiOjMwMDAwMDAwMDAwMCwidXBkYXRlIjo1NDAwMDAwMDAwMDAwfX0="
        }
      ]
    },
    {
      "mode": "managed",
      "type": "azurerm_subnet",
      "name": "subnet01",
      "provider": "provider[\"registry.terraform.io/hashicorp/azurerm\"]",
      "instances": [
        {
          "schema_version": 0,
          "attributes": {
            "address_prefixes": [
              "10.60.0.0/24"
            ],
            "delegation": [],
            "enforce_private_link_endpoint_network_policies": false,
            "enforce_private_link_service_network_policies": false,
            "id": "/subscriptions/ce9ae6de-058b-4cf9-ac15-d9a6211f2493/resourceGroups/ShubhamG-resourceGroup/providers/Microsoft.Network/virtualNetworks/ShubhamG-vnet/subnets/subnet01",
            "name": "subnet01",
            "resource_group_name": "ShubhamG-resourceGroup",
            "service_endpoint_policy_ids": null,
            "service_endpoints": null,
            "timeouts": null,
            "virtual_network_name": "ShubhamG-vnet"
          },
          "sensitive_attributes": [],
          "private": "eyJlMmJmYjczMC1lY2FhLTExZTYtOGY4OC0zNDM2M2JjN2M0YzAiOnsiY3JlYXRlIjoxODAwMDAwMDAwMDAwLCJkZWxldGUiOjE4MDAwMDAwMDAwMDAsInJlYWQiOjMwMDAwMDAwMDAwMCwidXBkYXRlIjoxODAwMDAwMDAwMDAwfX0=",
          "dependencies": [
            "azurerm_resource_group.SGRG02",
            "azurerm_virtual_network.shubhamVnet02"
          ]
        }
      ]
    },
    {
      "mode": "managed",
      "type": "azurerm_virtual_network",
      "name": "shubhamVnet02",
      "provider": "provider[\"registry.terraform.io/hashicorp/azurerm\"]",
      "instances": [
        {
          "schema_version": 0,
          "attributes": {
            "address_space": [
              "10.60.0.0/22"
            ],
            "bgp_community": "",
            "ddos_protection_plan": [],
            "dns_servers": [],
            "edge_zone": "",
            "flow_timeout_in_minutes": 0,
            "guid": "4e6dde34-a6ab-4898-9912-1282de908650",
            "id": "/subscriptions/ce9ae6de-058b-4cf9-ac15-d9a6211f2493/resourceGroups/ShubhamG-resourceGroup/providers/Microsoft.Network/virtualNetworks/ShubhamG-vnet",
            "location": "eastus",
            "name": "ShubhamG-vnet",
            "resource_group_name": "ShubhamG-resourceGroup",
            "subnet": [],
            "tags": null,
            "timeouts": null
          },
          "sensitive_attributes": [],
          "private": "eyJlMmJmYjczMC1lY2FhLTExZTYtOGY4OC0zNDM2M2JjN2M0YzAiOnsiY3JlYXRlIjoxODAwMDAwMDAwMDAwLCJkZWxldGUiOjE4MDAwMDAwMDAwMDAsInJlYWQiOjMwMDAwMDAwMDAwMCwidXBkYXRlIjoxODAwMDAwMDAwMDAwfX0=",
          "dependencies": [
            "azurerm_resource_group.SGRG02"
          ]
        }
      ]
    },
    {
      "mode": "managed",
      "type": "azurerm_windows_virtual_machine",
      "name": "WinVM",
      "provider": "provider[\"registry.terraform.io/hashicorp/azurerm\"]",
      "instances": [
        {
          "index_key": 0,
          "schema_version": 0,
          "attributes": {
            "additional_capabilities": [],
            "additional_unattend_content": [],
            "admin_password": "Azure@123456",
            "admin_username": "azureadmin",
            "allow_extension_operations": true,
            "availability_set_id": "",
            "boot_diagnostics": [],
            "computer_name": "ShubhamG-WinVM0",
            "custom_data": null,
            "dedicated_host_group_id": "",
            "dedicated_host_id": "",
            "edge_zone": "",
            "enable_automatic_updates": true,
            "encryption_at_host_enabled": false,
            "eviction_policy": "",
            "extensions_time_budget": "PT1H30M",
            "hotpatching_enabled": false,
            "id": "/subscriptions/ce9ae6de-058b-4cf9-ac15-d9a6211f2493/resourceGroups/ShubhamG-resourceGroup/providers/Microsoft.Compute/virtualMachines/ShubhamG-WinVM0",
            "identity": [],
            "license_type": "",
            "location": "eastus",
            "max_bid_price": -1,
            "name": "ShubhamG-WinVM0",
            "network_interface_ids": [
              "/subscriptions/ce9ae6de-058b-4cf9-ac15-d9a6211f2493/resourceGroups/ShubhamG-resourceGroup/providers/Microsoft.Network/networkInterfaces/ShubhamG-NIC0"
            ],
            "os_disk": [
              {
                "caching": "ReadWrite",
                "diff_disk_settings": [],
                "disk_encryption_set_id": "",
                "disk_size_gb": 127,
                "name": "ShubhamG-WinVM0_OsDisk_1_cce6273886d34d6f8a221e89ce2971c3",
                "storage_account_type": "Standard_LRS",
                "write_accelerator_enabled": false
              }
            ],
            "patch_mode": "AutomaticByOS",
            "plan": [],
            "platform_fault_domain": -1,
            "priority": "Regular",
            "private_ip_address": "10.60.0.5",
            "private_ip_addresses": [
              "10.60.0.5"
            ],
            "provision_vm_agent": true,
            "proximity_placement_group_id": "",
            "public_ip_address": "20.232.201.5",
            "public_ip_addresses": [
              "20.232.201.5"
            ],
            "resource_group_name": "ShubhamG-resourceGroup",
            "secret": [],
            "secure_boot_enabled": false,
            "size": "Standard_F2",
            "source_image_id": "",
            "source_image_reference": [
              {
                "offer": "WindowsServer",
                "publisher": "MicrosoftWindowsServer",
                "sku": "2016-Datacenter",
                "version": "latest"
              }
            ],
            "tags": null,
            "termination_notification": null,
            "timeouts": null,
            "timezone": "",
            "user_data": "",
            "virtual_machine_id": "965b4bba-d602-4a5e-9f5e-3a8fb954b373",
            "virtual_machine_scale_set_id": "",
            "vtpm_enabled": false,
            "winrm_listener": [],
            "zone": ""
          },
          "sensitive_attributes": [],
          "private": "eyJlMmJmYjczMC1lY2FhLTExZTYtOGY4OC0zNDM2M2JjN2M0YzAiOnsiY3JlYXRlIjoyNzAwMDAwMDAwMDAwLCJkZWxldGUiOjI3MDAwMDAwMDAwMDAsInJlYWQiOjMwMDAwMDAwMDAwMCwidXBkYXRlIjoyNzAwMDAwMDAwMDAwfX0=",
          "dependencies": [
            "azurerm_network_interface.NIC01",
            "azurerm_public_ip.publicip",
            "azurerm_resource_group.SGRG02",
            "azurerm_subnet.subnet01",
            "azurerm_virtual_network.shubhamVnet02"
          ]
        },
        {
          "index_key": 1,
          "schema_version": 0,
          "attributes": {
            "additional_capabilities": [],
            "additional_unattend_content": [],
            "admin_password": "Azure@123456",
            "admin_username": "azureadmin",
            "allow_extension_operations": true,
            "availability_set_id": "",
            "boot_diagnostics": [],
            "computer_name": "ShubhamG-WinVM1",
            "custom_data": null,
            "dedicated_host_group_id": "",
            "dedicated_host_id": "",
            "edge_zone": "",
            "enable_automatic_updates": true,
            "encryption_at_host_enabled": false,
            "eviction_policy": "",
            "extensions_time_budget": "PT1H30M",
            "hotpatching_enabled": false,
            "id": "/subscriptions/ce9ae6de-058b-4cf9-ac15-d9a6211f2493/resourceGroups/ShubhamG-resourceGroup/providers/Microsoft.Compute/virtualMachines/ShubhamG-WinVM1",
            "identity": [],
            "license_type": "",
            "location": "eastus",
            "max_bid_price": -1,
            "name": "ShubhamG-WinVM1",
            "network_interface_ids": [
              "/subscriptions/ce9ae6de-058b-4cf9-ac15-d9a6211f2493/resourceGroups/ShubhamG-resourceGroup/providers/Microsoft.Network/networkInterfaces/ShubhamG-NIC1"
            ],
            "os_disk": [
              {
                "caching": "ReadWrite",
                "diff_disk_settings": [],
                "disk_encryption_set_id": "",
                "disk_size_gb": 127,
                "name": "ShubhamG-WinVM1_OsDisk_1_c9ee300c1ddd44e4a9076e67a68051d3",
                "storage_account_type": "Standard_LRS",
                "write_accelerator_enabled": false
              }
            ],
            "patch_mode": "AutomaticByOS",
            "plan": [],
            "platform_fault_domain": -1,
            "priority": "Regular",
            "private_ip_address": "10.60.0.4",
            "private_ip_addresses": [
              "10.60.0.4"
            ],
            "provision_vm_agent": true,
            "proximity_placement_group_id": "",
            "public_ip_address": "20.232.201.37",
            "public_ip_addresses": [
              "20.232.201.37"
            ],
            "resource_group_name": "ShubhamG-resourceGroup",
            "secret": [],
            "secure_boot_enabled": false,
            "size": "Standard_F2",
            "source_image_id": "",
            "source_image_reference": [
              {
                "offer": "WindowsServer",
                "publisher": "MicrosoftWindowsServer",
                "sku": "2016-Datacenter",
                "version": "latest"
              }
            ],
            "tags": null,
            "termination_notification": null,
            "timeouts": null,
            "timezone": "",
            "user_data": "",
            "virtual_machine_id": "fd3ef08e-ad53-4723-ab43-1792e5f75161",
            "virtual_machine_scale_set_id": "",
            "vtpm_enabled": false,
            "winrm_listener": [],
            "zone": ""
          },
          "sensitive_attributes": [],
          "private": "eyJlMmJmYjczMC1lY2FhLTExZTYtOGY4OC0zNDM2M2JjN2M0YzAiOnsiY3JlYXRlIjoyNzAwMDAwMDAwMDAwLCJkZWxldGUiOjI3MDAwMDAwMDAwMDAsInJlYWQiOjMwMDAwMDAwMDAwMCwidXBkYXRlIjoyNzAwMDAwMDAwMDAwfX0=",
          "dependencies": [
            "azurerm_network_interface.NIC01",
            "azurerm_public_ip.publicip",
            "azurerm_resource_group.SGRG02",
            "azurerm_subnet.subnet01",
            "azurerm_virtual_network.shubhamVnet02"
          ]
        }
      ]
    }
  ],
  "check_results": null
}
